
Microsoft Visual Studio Solution File, Format Version 12.00
# Visual Studio Express 2012 for Windows Desktop
Project("{FAE04EC0-301F-11D3-BF4B-00C04F79EFBC}") = "MertricSystem", "MertricSystem\MertricSystem.csproj", "{717D0ABB-297B-4AD9-B0CC-61C93868056D}"
EndProject
Global
	GlobalSection(SolutionConfigurationPlatforms) = preSolution
		Debug|Any CPU = Debug|Any CPU
		Release|Any CPU = Release|Any CPU
	EndGlobalSection
	GlobalSection(ProjectConfigurationPlatforms) = postSolution
		{717D0ABB-297B-4AD9-B0CC-61C93868056D}.Debug|Any CPU.ActiveCfg = Debug|Any CPU
		{717D0ABB-297B-4AD9-B0CC-61C93868056D}.Debug|Any CPU.Build.0 = Debug|Any CPU
		{717D0ABB-297B-4AD9-B0CC-61C93868056D}.Release|Any CPU.ActiveCfg = Release|Any CPU
		{717D0ABB-297B-4AD9-B0CC-61C93868056D}.Release|Any CPU.Build.0 = Release|Any CPU
	EndGlobalSection
	GlobalSection(SolutionProperties) = preSolution
		HideSolutionNode = FALSE
	EndGlobalSection
EndGlobal
